
Microsoft Visual Studio Solution File, Format Version 12.00
# Visual Studio Version 17
VisualStudioVersion = 17.6.33706.43
MinimumVisualStudioVersion = 10.0.40219.1
Project("{FAE04EC0-301F-11D3-BF4B-00C04F79EFBC}") = "BulkyWeb", "BulkyWeb\BulkyWeb.csproj", "{7CA5C757-B2F7-4624-BA90-35B4D8946A5B}"
EndProject
Global
	GlobalSection(SolutionConfigurationPlatforms) = preSolution
		Debug|Any CPU = Debug|Any CPU
		Release|Any CPU = Release|Any CPU
	EndGlobalSection
	GlobalSection(ProjectConfigurationPlatforms) = postSolution
		{7CA5C757-B2F7-4624-BA90-35B4D8946A5B}.Debug|Any CPU.ActiveCfg = Debug|Any CPU
		{7CA5C757-B2F7-4624-BA90-35B4D8946A5B}.Debug|Any CPU.Build.0 = Debug|Any CPU
		{7CA5C757-B2F7-4624-BA90-35B4D8946A5B}.Release|Any CPU.ActiveCfg = Release|Any CPU
		{7CA5C757-B2F7-4624-BA90-35B4D8946A5B}.Release|Any CPU.Build.0 = Release|Any CPU
	EndGlobalSection
	GlobalSection(SolutionProperties) = preSolution
		HideSolutionNode = FALSE
	EndGlobalSection
	GlobalSection(ExtensibilityGlobals) = postSolution
		SolutionGuid = {295DC7A9-4B13-4577-806A-8CD21DEB1936}
	EndGlobalSection
EndGlobal
